Microsoft Visual Studio Solution File, Format Version 9.00
# Visual Studio 2005
Project("{F184B08F-C81C-45F6-A57F-5ABD9991F28F}") = "Cartellonev1.2", "Cartellonev1.2.vbproj", "{DB9658EE-DD16-4E01-9FF9-80D43CCC01EB}"
EndProject
Project("{54435603-DBB4-11D2-8724-00A0C9A8B90C}") = "Setup2", "..\setup2\Setup2.vdproj", "{A79C5157-7638-4399-969F-C646F4AFEC19}"
EndProject
Global
	GlobalSection(SolutionConfigurationPlatforms) = preSolution
		Debug|Any CPU = Debug|Any CPU
		Release|Any CPU = Release|Any CPU
	EndGlobalSection
	GlobalSection(ProjectConfigurationPlatforms) = postSolution
		{DB9658EE-DD16-4E01-9FF9-80D43CCC01EB}.Debug|Any CPU.ActiveCfg = Debug|Any CPU
		{DB9658EE-DD16-4E01-9FF9-80D43CCC01EB}.Debug|Any CPU.Build.0 = Debug|Any CPU
		{DB9658EE-DD16-4E01-9FF9-80D43CCC01EB}.Release|Any CPU.ActiveCfg = Release|Any CPU
		{DB9658EE-DD16-4E01-9FF9-80D43CCC01EB}.Release|Any CPU.Build.0 = Release|Any CPU
		{A79C5157-7638-4399-969F-C646F4AFEC19}.Debug|Any CPU.ActiveCfg = Debug
		{A79C5157-7638-4399-969F-C646F4AFEC19}.Debug|Any CPU.Build.0 = Debug
		{A79C5157-7638-4399-969F-C646F4AFEC19}.Release|Any CPU.ActiveCfg = Release
		{A79C5157-7638-4399-969F-C646F4AFEC19}.Release|Any CPU.Build.0 = Release
	EndGlobalSection
	GlobalSection(SolutionProperties) = preSolution
		HideSolutionNode = FALSE
	EndGlobalSection
EndGlobal
